
Microsoft Visual Studio Solution File, Format Version 12.00
# Visual Studio Version 16
VisualStudioVersion = 16.0.31729.503
MinimumVisualStudioVersion = 10.0.40219.1
Project("{2150E333-8FDC-42A3-9474-1A3956D46DE8}") = "Solution Items", "Solution Items", "{EAAC8A83-D3DF-4E74-B807-C939B35DE2AA}"
	ProjectSection(SolutionItems) = preProject
		.gitignore = .gitignore
	EndProjectSection
EndProject
Project("{FAE04EC0-301F-11D3-BF4B-00C04F79EFBC}") = "OAuthorize.API", "OAuthorize.API\OAuthorize.API.csproj", "{4F2AA774-D0B0-4C18-9FE3-6CDC313E19FE}"
EndProject
Global
	GlobalSection(SolutionConfigurationPlatforms) = preSolution
		Debug|Any CPU = Debug|Any CPU
		Release|Any CPU = Release|Any CPU
	EndGlobalSection
	GlobalSection(ProjectConfigurationPlatforms) = postSolution
		{4F2AA774-D0B0-4C18-9FE3-6CDC313E19FE}.Debug|Any CPU.ActiveCfg = Debug|Any CPU
		{4F2AA774-D0B0-4C18-9FE3-6CDC313E19FE}.Debug|Any CPU.Build.0 = Debug|Any CPU
		{4F2AA774-D0B0-4C18-9FE3-6CDC313E19FE}.Release|Any CPU.ActiveCfg = Release|Any CPU
		{4F2AA774-D0B0-4C18-9FE3-6CDC313E19FE}.Release|Any CPU.Build.0 = Release|Any CPU
	EndGlobalSection
	GlobalSection(SolutionProperties) = preSolution
		HideSolutionNode = FALSE
	EndGlobalSection
	GlobalSection(ExtensibilityGlobals) = postSolution
		SolutionGuid = {05B7C5A3-3BC5-42FF-8BEB-7769107F7A5A}
	EndGlobalSection
EndGlobal
